
Microsoft Visual Studio Solution File, Format Version 12.00
# Visual Studio 15
VisualStudioVersion = 15.0.28307.902
MinimumVisualStudioVersion = 10.0.40219.1
Project("{F184B08F-C81C-45F6-A57F-5ABD9991F28F}") = "Gamble", "Gamble\Gamble.vbproj", "{D7A7F3A1-72B9-416A-8184-CF0522ED840D}"
EndProject
Global
	GlobalSection(SolutionConfigurationPlatforms) = preSolution
		Debug|Any CPU = Debug|Any CPU
		Release|Any CPU = Release|Any CPU
	EndGlobalSection
	GlobalSection(ProjectConfigurationPlatforms) = postSolution
		{D7A7F3A1-72B9-416A-8184-CF0522ED840D}.Debug|Any CPU.ActiveCfg = Debug|Any CPU
		{D7A7F3A1-72B9-416A-8184-CF0522ED840D}.Debug|Any CPU.Build.0 = Debug|Any CPU
		{D7A7F3A1-72B9-416A-8184-CF0522ED840D}.Release|Any CPU.ActiveCfg = Release|Any CPU
		{D7A7F3A1-72B9-416A-8184-CF0522ED840D}.Release|Any CPU.Build.0 = Release|Any CPU
	EndGlobalSection
	GlobalSection(SolutionProperties) = preSolution
		HideSolutionNode = FALSE
	EndGlobalSection
	GlobalSection(ExtensibilityGlobals) = postSolution
		SolutionGuid = {13DC759A-BF23-4DCC-9D1C-E6C7F9F43C4E}
	EndGlobalSection
EndGlobal
